
Microsoft Visual Studio Solution File, Format Version 12.00
# Visual Studio Version 17
VisualStudioVersion = 17.8.34330.188
MinimumVisualStudioVersion = 10.0.40219.1
Project("{FAE04EC0-301F-11D3-BF4B-00C04F79EFBC}") = "BlackJackLogic", "BlackJackLogic\BlackJackLogic.csproj", "{90FF7E89-6340-44B1-8724-9A54E66DC10F}"
EndProject
Project("{FAE04EC0-301F-11D3-BF4B-00C04F79EFBC}") = "BlackJackUI", "BlackJackUI\BlackJackUI.csproj", "{4DA9CAA9-A9D9-4CC7-A39E-0EBC5487440C}"
EndProject
Global
	GlobalSection(SolutionConfigurationPlatforms) = preSolution
		Debug|Any CPU = Debug|Any CPU
		Release|Any CPU = Release|Any CPU
	EndGlobalSection
	GlobalSection(ProjectConfigurationPlatforms) = postSolution
		{90FF7E89-6340-44B1-8724-9A54E66DC10F}.Debug|Any CPU.ActiveCfg = Debug|Any CPU
		{90FF7E89-6340-44B1-8724-9A54E66DC10F}.Debug|Any CPU.Build.0 = Debug|Any CPU
		{90FF7E89-6340-44B1-8724-9A54E66DC10F}.Release|Any CPU.ActiveCfg = Release|Any CPU
		{90FF7E89-6340-44B1-8724-9A54E66DC10F}.Release|Any CPU.Build.0 = Release|Any CPU
		{4DA9CAA9-A9D9-4CC7-A39E-0EBC5487440C}.Debug|Any CPU.ActiveCfg = Debug|Any CPU
		{4DA9CAA9-A9D9-4CC7-A39E-0EBC5487440C}.Debug|Any CPU.Build.0 = Debug|Any CPU
		{4DA9CAA9-A9D9-4CC7-A39E-0EBC5487440C}.Release|Any CPU.ActiveCfg = Release|Any CPU
		{4DA9CAA9-A9D9-4CC7-A39E-0EBC5487440C}.Release|Any CPU.Build.0 = Release|Any CPU
	EndGlobalSection
	GlobalSection(SolutionProperties) = preSolution
		HideSolutionNode = FALSE
	EndGlobalSection
	GlobalSection(ExtensibilityGlobals) = postSolution
		SolutionGuid = {BBAE82B7-C0DD-4CEF-8F8F-A52BDD013140}
	EndGlobalSection
EndGlobal
